{
  "object": {
    "pins": [
      {
        "package": "PythonKit",
        "repositoryURL": "https://github.com/pvieito/PythonKit.git",
        "state": {
          "branch": "master",
          "revision": "43647b36cacb99558e57ef98e97ef598f91d1164",
          "version": null
        }
      },
      {
        "package": "SwiftyGPIO",
        "repositoryURL": "https://github.com/uraimo/SwiftyGPIO.git",
        "state": {
          "branch": null,
          "revision": "b86215de6ecde8e6649590978164a5532ef7a975",
          "version": "1.4.4"
        }
      }
    ]
  },
  "version": 1
}
